github.com/crgimenes/filo v0.0.9 h1:725aqlbdGi2GOMX0cxm1IP6P+LD1b9OQwh6VzB4WceA=
github.com/crgimenes/filo v0.0.9/go.mod h1:rd5VPgeydIW57FEmOl9PCaW8KN9pqi7EpA0aoZt3sFU=
github.com/crgimenes/filo v0.0.17 h1:fX7ZRN5Zdl6keRe4wkzS6EmSGZNk4uCSIEXDj69MXmY=
github.com/crgimenes/filo v0.0.17/go.mod h1:b/ObPV+hX7VrDY/4kShaqYxr5V7uKnp1nCiMpLsxwpQ=
